
Microsoft Visual Studio Solution File, Format Version 12.00
# Visual Studio Version 17
VisualStudioVersion = 17.8.34511.84
MinimumVisualStudioVersion = 10.0.40219.1
Project("{9A19103F-16F7-4668-BE54-9A1E7A4F7556}") = "PriorityQueue", "DataStructure\PriorityQueue.csproj", "{255A7382-0340-464C-B31F-EA5302C4C41D}"
EndProject
Project("{9A19103F-16F7-4668-BE54-9A1E7A4F7556}") = "List", "List\List.csproj", "{813EBEAD-42BD-4D8B-8F28-8F0E2C1B8F7C}"
EndProject
Project("{9A19103F-16F7-4668-BE54-9A1E7A4F7556}") = "LinkedList", "LinkedList\LinkedList.csproj", "{1DF80EB5-CBB3-4018-8319-49A8B3CEC1EE}"
EndProject
Project("{9A19103F-16F7-4668-BE54-9A1E7A4F7556}") = "Algorithm", "Algorithm\Algorithm.csproj", "{DFE842C7-B743-4B58-8334-856E7EDDEF2F}"
EndProject
Project("{9A19103F-16F7-4668-BE54-9A1E7A4F7556}") = "Graph", "Graph\Graph.csproj", "{CC0EF800-5DBC-44C7-AADD-E771942A29EB}"
EndProject
Project("{9A19103F-16F7-4668-BE54-9A1E7A4F7556}") = "MoveToFront", "MoveToFront\MoveToFront.csproj", "{FB7DE94B-9DAE-493A-B64E-594136D9E5B7}"
EndProject
Project("{9A19103F-16F7-4668-BE54-9A1E7A4F7556}") = "Transpose", "Transpose\Transpose.csproj", "{E359A1D2-9E58-4300-B789-D540196B60E2}"
EndProject
Project("{FAE04EC0-301F-11D3-BF4B-00C04F79EFBC}") = "BinarySearchTree", "BinarySearchTree\BinarySearchTree.csproj", "{F6AB27DD-1D65-41CB-A105-223F3DC82E44}"
EndProject
Project("{FAE04EC0-301F-11D3-BF4B-00C04F79EFBC}") = "HashTable", "HashTable\HashTable.csproj", "{20D32A33-FF34-4DDA-9BA9-18115571A54E}"
EndProject
Global
	GlobalSection(SolutionConfigurationPlatforms) = preSolution
		Debug|Any CPU = Debug|Any CPU
		Release|Any CPU = Release|Any CPU
	EndGlobalSection
	GlobalSection(ProjectConfigurationPlatforms) = postSolution
		{255A7382-0340-464C-B31F-EA5302C4C41D}.Debug|Any CPU.ActiveCfg = Debug|Any CPU
		{255A7382-0340-464C-B31F-EA5302C4C41D}.Debug|Any CPU.Build.0 = Debug|Any CPU
		{255A7382-0340-464C-B31F-EA5302C4C41D}.Release|Any CPU.ActiveCfg = Release|Any CPU
		{255A7382-0340-464C-B31F-EA5302C4C41D}.Release|Any CPU.Build.0 = Release|Any CPU
		{813EBEAD-42BD-4D8B-8F28-8F0E2C1B8F7C}.Debug|Any CPU.ActiveCfg = Debug|Any CPU
		{813EBEAD-42BD-4D8B-8F28-8F0E2C1B8F7C}.Debug|Any CPU.Build.0 = Debug|Any CPU
		{813EBEAD-42BD-4D8B-8F28-8F0E2C1B8F7C}.Release|Any CPU.ActiveCfg = Release|Any CPU
		{813EBEAD-42BD-4D8B-8F28-8F0E2C1B8F7C}.Release|Any CPU.Build.0 = Release|Any CPU
		{1DF80EB5-CBB3-4018-8319-49A8B3CEC1EE}.Debug|Any CPU.ActiveCfg = Debug|Any CPU
		{1DF80EB5-CBB3-4018-8319-49A8B3CEC1EE}.Debug|Any CPU.Build.0 = Debug|Any CPU
		{1DF80EB5-CBB3-4018-8319-49A8B3CEC1EE}.Release|Any CPU.ActiveCfg = Release|Any CPU
		{1DF80EB5-CBB3-4018-8319-49A8B3CEC1EE}.Release|Any CPU.Build.0 = Release|Any CPU
		{DFE842C7-B743-4B58-8334-856E7EDDEF2F}.Debug|Any CPU.ActiveCfg = Debug|Any CPU
		{DFE842C7-B743-4B58-8334-856E7EDDEF2F}.Debug|Any CPU.Build.0 = Debug|Any CPU
		{DFE842C7-B743-4B58-8334-856E7EDDEF2F}.Release|Any CPU.ActiveCfg = Release|Any CPU
		{DFE842C7-B743-4B58-8334-856E7EDDEF2F}.Release|Any CPU.Build.0 = Release|Any CPU
		{CC0EF800-5DBC-44C7-AADD-E771942A29EB}.Debug|Any CPU.ActiveCfg = Debug|Any CPU
		{CC0EF800-5DBC-44C7-AADD-E771942A29EB}.Debug|Any CPU.Build.0 = Debug|Any CPU
		{CC0EF800-5DBC-44C7-AADD-E771942A29EB}.Release|Any CPU.ActiveCfg = Release|Any CPU
		{CC0EF800-5DBC-44C7-AADD-E771942A29EB}.Release|Any CPU.Build.0 = Release|Any CPU
		{FB7DE94B-9DAE-493A-B64E-594136D9E5B7}.Debug|Any CPU.ActiveCfg = Debug|Any CPU
		{FB7DE94B-9DAE-493A-B64E-594136D9E5B7}.Debug|Any CPU.Build.0 = Debug|Any CPU
		{FB7DE94B-9DAE-493A-B64E-594136D9E5B7}.Release|Any CPU.ActiveCfg = Release|Any CPU
		{FB7DE94B-9DAE-493A-B64E-594136D9E5B7}.Release|Any CPU.Build.0 = Release|Any CPU
		{E359A1D2-9E58-4300-B789-D540196B60E2}.Debug|Any CPU.ActiveCfg = Debug|Any CPU
		{E359A1D2-9E58-4300-B789-D540196B60E2}.Debug|Any CPU.Build.0 = Debug|Any CPU
		{E359A1D2-9E58-4300-B789-D540196B60E2}.Release|Any CPU.ActiveCfg = Release|Any CPU
		{E359A1D2-9E58-4300-B789-D540196B60E2}.Release|Any CPU.Build.0 = Release|Any CPU
		{F6AB27DD-1D65-41CB-A105-223F3DC82E44}.Debug|Any CPU.ActiveCfg = Debug|Any CPU
		{F6AB27DD-1D65-41CB-A105-223F3DC82E44}.Debug|Any CPU.Build.0 = Debug|Any CPU
		{F6AB27DD-1D65-41CB-A105-223F3DC82E44}.Release|Any CPU.ActiveCfg = Release|Any CPU
		{F6AB27DD-1D65-41CB-A105-223F3DC82E44}.Release|Any CPU.Build.0 = Release|Any CPU
		{20D32A33-FF34-4DDA-9BA9-18115571A54E}.Debug|Any CPU.ActiveCfg = Debug|Any CPU
		{20D32A33-FF34-4DDA-9BA9-18115571A54E}.Debug|Any CPU.Build.0 = Debug|Any CPU
		{20D32A33-FF34-4DDA-9BA9-18115571A54E}.Release|Any CPU.ActiveCfg = Release|Any CPU
		{20D32A33-FF34-4DDA-9BA9-18115571A54E}.Release|Any CPU.Build.0 = Release|Any CPU
	EndGlobalSection
	GlobalSection(SolutionProperties) = preSolution
		HideSolutionNode = FALSE
	EndGlobalSection
	GlobalSection(ExtensibilityGlobals) = postSolution
		SolutionGuid = {FD771586-61FC-4C76-8028-A39440877344}
	EndGlobalSection
EndGlobal
